
Microsoft Visual Studio Solution File, Format Version 12.00
# Visual Studio Express 15 for Windows Desktop
VisualStudioVersion = 15.0.34829.251
MinimumVisualStudioVersion = 10.0.40219.1
Project("{FAE04EC0-301F-11D3-BF4B-00C04F79EFBC}") = "ProvaCSharp", "ProvaCSharp.csproj", "{69DDCC9A-291A-48EF-8552-E4A5C1320C0B}"
EndProject
Global
	GlobalSection(SolutionConfigurationPlatforms) = preSolution
		Debug|Any CPU = Debug|Any CPU
		Release|Any CPU = Release|Any CPU
	EndGlobalSection
	GlobalSection(ProjectConfigurationPlatforms) = postSolution
		{69DDCC9A-291A-48EF-8552-E4A5C1320C0B}.Debug|Any CPU.ActiveCfg = Debug|Any CPU
		{69DDCC9A-291A-48EF-8552-E4A5C1320C0B}.Debug|Any CPU.Build.0 = Debug|Any CPU
		{69DDCC9A-291A-48EF-8552-E4A5C1320C0B}.Release|Any CPU.ActiveCfg = Release|Any CPU
		{69DDCC9A-291A-48EF-8552-E4A5C1320C0B}.Release|Any CPU.Build.0 = Release|Any CPU
	EndGlobalSection
	GlobalSection(SolutionProperties) = preSolution
		HideSolutionNode = FALSE
	EndGlobalSection
	GlobalSection(ExtensibilityGlobals) = postSolution
		SolutionGuid = {25B962FB-1782-41D0-9E36-FDFE009D58CE}
	EndGlobalSection
EndGlobal
